// !$*UTF8*$!
{
	archiveVersion = 1;
	classes = {
	};
	objectVersion = 77;
	objects = {

/* Begin PBXBuildFile section */
		058557BB273AAA24004C7B11 /* Assets.xcassets in Resources */ = {isa = PBXBuildFile; fileRef = 058557BA273AAA24004C7B11 /* Assets.xcassets */; };
		058557D9273AAEEB004C7B11 /* Preview Assets.xcassets in Resources */ = {isa = PBXBuildFile; fileRef = 058557D8273AAEEB004C7B11 /* Preview Assets.xcassets */; };
		2152FB042600AC8F00CF470E /* iOSApp.swift in Sources */ = {isa = PBXBuildFile; fileRef = 2152FB032600AC8F00CF470E /* iOSApp.swift */; };
		7555FF83242A565900829871 /* ContentView.swift in Sources */ = {isa = PBXBuildFile; fileRef = 7555FF82242A565900829871 /* ContentView.swift */; };
		DCD0EE692D5E16D3000DB88A /* Intents.intentdefinition in Sources */ = {isa = PBXBuildFile; fileRef = DCD0EE682D5E16D3000DB88A /* Intents.intentdefinition */; };
		DCD305512D396245004D5A46 /* GoogleService-Info.plist in Resources */ = {isa = PBXBuildFile; fileRef = DCD305502D396244004D5A46 /* GoogleService-Info.plist */; };
		DCF6D2CC2D6D0A7E00A21060 /* FirebaseAuth in Frameworks */ = {isa = PBXBuildFile; productRef = DCF6D2CB2D6D0A7E00A21060 /* FirebaseAuth */; };
		DCF6D2D62D6E038900A21060 /* FirebaseCrashlytics in Frameworks */ = {isa = PBXBuildFile; productRef = DCF6D2D52D6E038900A21060 /* FirebaseCrashlytics */; };
		DCF6D2D82D6E72FA00A21060 /* FirebaseAuth in Frameworks */ = {isa = PBXBuildFile; productRef = DCF6D2D72D6E72FA00A21060 /* FirebaseAuth */; };
		DCF6D2DA2D6E72FA00A21060 /* FirebaseCore in Frameworks */ = {isa = PBXBuildFile; productRef = DCF6D2D92D6E72FA00A21060 /* FirebaseCore */; };
		DCF6D2DC2D6E81B900A21060 /* FirebaseAuth in Frameworks */ = {isa = PBXBuildFile; productRef = DCF6D2DB2D6E81B900A21060 /* FirebaseAuth */; };
		DCF6D2DE2D6E81B900A21060 /* FirebaseAuthCombine-Community in Frameworks */ = {isa = PBXBuildFile; productRef = DCF6D2DD2D6E81B900A21060 /* FirebaseAuthCombine-Community */; };
		DCF6D2E02D6E81B900A21060 /* FirebaseCore in Frameworks */ = {isa = PBXBuildFile; productRef = DCF6D2DF2D6E81B900A21060 /* FirebaseCore */; };
		DCF6D2E22D6E81B900A21060 /* FirebaseCrashlytics in Frameworks */ = {isa = PBXBuildFile; productRef = DCF6D2E12D6E81B900A21060 /* FirebaseCrashlytics */; };
		DCF6D2E42D6E896300A21060 /* FirebaseAnalytics in Frameworks */ = {isa = PBXBuildFile; productRef = DCF6D2E32D6E896300A21060 /* FirebaseAnalytics */; };
		DCF6D2E62D6E896300A21060 /* FirebaseAnalyticsOnDeviceConversion in Frameworks */ = {isa = PBXBuildFile; productRef = DCF6D2E52D6E896300A21060 /* FirebaseAnalyticsOnDeviceConversion */; };
		DCF6D2E82D6E896300A21060 /* FirebaseAnalyticsWithoutAdIdSupport in Frameworks */ = {isa = PBXBuildFile; productRef = DCF6D2E72D6E896300A21060 /* FirebaseAnalyticsWithoutAdIdSupport */; };
		DCF6D2EA2D6E896300A21060 /* FirebaseAppCheck in Frameworks */ = {isa = PBXBuildFile; productRef = DCF6D2E92D6E896300A21060 /* FirebaseAppCheck */; };
		DCF6D2EC2D6E896300A21060 /* FirebaseAppDistribution-Beta in Frameworks */ = {isa = PBXBuildFile; productRef = DCF6D2EB2D6E896300A21060 /* FirebaseAppDistribution-Beta */; };
		DCF6D2EE2D6E896300A21060 /* FirebaseAuth in Frameworks */ = {isa = PBXBuildFile; productRef = DCF6D2ED2D6E896300A21060 /* FirebaseAuth */; };
		DCF6D2F02D6E896300A21060 /* FirebaseAuthCombine-Community in Frameworks */ = {isa = PBXBuildFile; productRef = DCF6D2EF2D6E896300A21060 /* FirebaseAuthCombine-Community */; };
		DCF6D2F22D6E896300A21060 /* FirebaseCore in Frameworks */ = {isa = PBXBuildFile; productRef = DCF6D2F12D6E896300A21060 /* FirebaseCore */; };
		DCF6D2F42D6E896300A21060 /* FirebaseCrashlytics in Frameworks */ = {isa = PBXBuildFile; productRef = DCF6D2F32D6E896300A21060 /* FirebaseCrashlytics */; };
		DCF6D2F62D6E896300A21060 /* FirebaseDatabase in Frameworks */ = {isa = PBXBuildFile; productRef = DCF6D2F52D6E896300A21060 /* FirebaseDatabase */; };
		DCF6D2F82D6E896300A21060 /* FirebaseDynamicLinks in Frameworks */ = {isa = PBXBuildFile; productRef = DCF6D2F72D6E896300A21060 /* FirebaseDynamicLinks */; };
		DCF6D2FA2D6E896300A21060 /* FirebaseFirestore in Frameworks */ = {isa = PBXBuildFile; productRef = DCF6D2F92D6E896300A21060 /* FirebaseFirestore */; };
		DCF6D2FC2D6E896300A21060 /* FirebaseFirestoreCombine-Community in Frameworks */ = {isa = PBXBuildFile; productRef = DCF6D2FB2D6E896300A21060 /* FirebaseFirestoreCombine-Community */; };
		DCF6D2FE2D6E896300A21060 /* FirebaseFunctions in Frameworks */ = {isa = PBXBuildFile; productRef = DCF6D2FD2D6E896300A21060 /* FirebaseFunctions */; };
		DCF6D3002D6E896300A21060 /* FirebaseFunctionsCombine-Community in Frameworks */ = {isa = PBXBuildFile; productRef = DCF6D2FF2D6E896300A21060 /* FirebaseFunctionsCombine-Community */; };
		DCF6D3022D6E896300A21060 /* FirebaseInAppMessaging-Beta in Frameworks */ = {isa = PBXBuildFile; productRef = DCF6D3012D6E896300A21060 /* FirebaseInAppMessaging-Beta */; };
		DCF6D3042D6E896300A21060 /* FirebaseInstallations in Frameworks */ = {isa = PBXBuildFile; productRef = DCF6D3032D6E896300A21060 /* FirebaseInstallations */; };
		DCF6D3062D6E896300A21060 /* FirebaseMLModelDownloader in Frameworks */ = {isa = PBXBuildFile; productRef = DCF6D3052D6E896300A21060 /* FirebaseMLModelDownloader */; };
		DCF6D3082D6E896300A21060 /* FirebaseMessaging in Frameworks */ = {isa = PBXBuildFile; productRef = DCF6D3072D6E896300A21060 /* FirebaseMessaging */; };
		DCF6D30A2D6E896300A21060 /* FirebasePerformance in Frameworks */ = {isa = PBXBuildFile; productRef = DCF6D3092D6E896300A21060 /* FirebasePerformance */; };
		DCF6D30C2D6E896300A21060 /* FirebaseRemoteConfig in Frameworks */ = {isa = PBXBuildFile; productRef = DCF6D30B2D6E896300A21060 /* FirebaseRemoteConfig */; };
		DCF6D30E2D6E896300A21060 /* FirebaseStorage in Frameworks */ = {isa = PBXBuildFile; productRef = DCF6D30D2D6E896300A21060 /* FirebaseStorage */; };
		DCF6D3102D6E896300A21060 /* FirebaseStorageCombine-Community in Frameworks */ = {isa = PBXBuildFile; productRef = DCF6D30F2D6E896300A21060 /* FirebaseStorageCombine-Community */; };
		DCF6D3122D6E896300A21060 /* FirebaseVertexAI in Frameworks */ = {isa = PBXBuildFile; productRef = DCF6D3112D6E896300A21060 /* FirebaseVertexAI */; };
/* End PBXBuildFile section */

/* Begin PBXFileReference section */
		058557BA273AAA24004C7B11 /* Assets.xcassets */ = {isa = PBXFileReference; lastKnownFileType = folder.assetcatalog; path = Assets.xcassets; sourceTree = "<group>"; };
		058557D8273AAEEB004C7B11 /* Preview Assets.xcassets */ = {isa = PBXFileReference; lastKnownFileType = folder.assetcatalog; path = "Preview Assets.xcassets"; sourceTree = "<group>"; };
		2152FB032600AC8F00CF470E /* iOSApp.swift */ = {isa = PBXFileReference; lastKnownFileType = sourcecode.swift; path = iOSApp.swift; sourceTree = "<group>"; };
		7555FF7B242A565900829871 /* UltraChango.app */ = {isa = PBXFileReference; explicitFileType = wrapper.application; includeInIndex = 0; path = UltraChango.app; sourceTree = BUILT_PRODUCTS_DIR; };
		7555FF82242A565900829871 /* ContentView.swift */ = {isa = PBXFileReference; lastKnownFileType = sourcecode.swift; path = ContentView.swift; sourceTree = "<group>"; };
		7555FF8C242A565B00829871 /* Info.plist */ = {isa = PBXFileReference; lastKnownFileType = text.plist.xml; path = Info.plist; sourceTree = "<group>"; };
		AB3632DC29227652001CCB65 /* Config.xcconfig */ = {isa = PBXFileReference; fileEncoding = 4; lastKnownFileType = text.xcconfig; path = Config.xcconfig; sourceTree = "<group>"; };
		DCD0EE662D5E0602000DB88A /* iosApp.entitlements */ = {isa = PBXFileReference; lastKnownFileType = text.plist.entitlements; path = iosApp.entitlements; sourceTree = "<group>"; };
		DCD0EE682D5E16D3000DB88A /* Intents.intentdefinition */ = {isa = PBXFileReference; lastKnownFileType = file.intentdefinition; path = Intents.intentdefinition; sourceTree = "<group>"; };
		DCD305502D396244004D5A46 /* GoogleService-Info.plist */ = {isa = PBXFileReference; lastKnownFileType = text.plist.xml; path = "GoogleService-Info.plist"; sourceTree = "<group>"; };
/* End PBXFileReference section */

/* Begin PBXFileSystemSynchronizedRootGroup section */
		DC506C102D60E14800CC3EF9 /* Sources */ = {
			isa = PBXFileSystemSynchronizedRootGroup;
			path = Sources;
			sourceTree = "<group>";
		};
/* End PBXFileSystemSynchronizedRootGroup section */

/* Begin PBXFrameworksBuildPhase section */
		B92378962B6B1156000C7307 /* Frameworks */ = {
			isa = PBXFrameworksBuildPhase;
			buildActionMask = 2147483647;
			files = (
				DCF6D3082D6E896300A21060 /* FirebaseMessaging in Frameworks */,
				DCF6D2CC2D6D0A7E00A21060 /* FirebaseAuth in Frameworks */,
				DCF6D2DE2D6E81B900A21060 /* FirebaseAuthCombine-Community in Frameworks */,
				DCF6D2DC2D6E81B900A21060 /* FirebaseAuth in Frameworks */,
				DCF6D2EC2D6E896300A21060 /* FirebaseAppDistribution-Beta in Frameworks */,
				DCF6D2F02D6E896300A21060 /* FirebaseAuthCombine-Community in Frameworks */,
				DCF6D2D82D6E72FA00A21060 /* FirebaseAuth in Frameworks */,
				DCF6D3002D6E896300A21060 /* FirebaseFunctionsCombine-Community in Frameworks */,
				DCF6D2FC2D6E896300A21060 /* FirebaseFirestoreCombine-Community in Frameworks */,
				DCF6D2F62D6E896300A21060 /* FirebaseDatabase in Frameworks */,
				DCF6D2F22D6E896300A21060 /* FirebaseCore in Frameworks */,
				DCF6D2FE2D6E896300A21060 /* FirebaseFunctions in Frameworks */,
				DCF6D3062D6E896300A21060 /* FirebaseMLModelDownloader in Frameworks */,
				DCF6D3022D6E896300A21060 /* FirebaseInAppMessaging-Beta in Frameworks */,
				DCF6D30A2D6E896300A21060 /* FirebasePerformance in Frameworks */,
				DCF6D2EE2D6E896300A21060 /* FirebaseAuth in Frameworks */,
				DCF6D2EA2D6E896300A21060 /* FirebaseAppCheck in Frameworks */,
				DCF6D2E82D6E896300A21060 /* FirebaseAnalyticsWithoutAdIdSupport in Frameworks */,
				DCF6D2E02D6E81B900A21060 /* FirebaseCore in Frameworks */,
				DCF6D30C2D6E896300A21060 /* FirebaseRemoteConfig in Frameworks */,
				DCF6D2F82D6E896300A21060 /* FirebaseDynamicLinks in Frameworks */,
				DCF6D2FA2D6E896300A21060 /* FirebaseFirestore in Frameworks */,
				DCF6D2E22D6E81B900A21060 /* FirebaseCrashlytics in Frameworks */,
				DCF6D30E2D6E896300A21060 /* FirebaseStorage in Frameworks */,
				DCF6D3042D6E896300A21060 /* FirebaseInstallations in Frameworks */,
				DCF6D3122D6E896300A21060 /* FirebaseVertexAI in Frameworks */,
				DCF6D2DA2D6E72FA00A21060 /* FirebaseCore in Frameworks */,
				DCF6D2F42D6E896300A21060 /* FirebaseCrashlytics in Frameworks */,
				DCF6D3102D6E896300A21060 /* FirebaseStorageCombine-Community in Frameworks */,
				DCF6D2E62D6E896300A21060 /* FirebaseAnalyticsOnDeviceConversion in Frameworks */,
				DCF6D2D62D6E038900A21060 /* FirebaseCrashlytics in Frameworks */,
				DCF6D2E42D6E896300A21060 /* FirebaseAnalytics in Frameworks */,
			);
			runOnlyForDeploymentPostprocessing = 0;
		};
/* End PBXFrameworksBuildPhase section */

/* Begin PBXGroup section */
		058557D7273AAEEB004C7B11 /* Preview Content */ = {
			isa = PBXGroup;
			children = (
				058557D8273AAEEB004C7B11 /* Preview Assets.xcassets */,
			);
			path = "Preview Content";
			sourceTree = "<group>";
		};
		4BE5D603F7F18F448FCB8AD0 /* Pods */ = {
			isa = PBXGroup;
			children = (
			);
			path = Pods;
			sourceTree = "<group>";
		};
		7555FF72242A565900829871 = {
			isa = PBXGroup;
			children = (
				AB1DB47929225F7C00F7AF9C /* Configuration */,
				7555FF7D242A565900829871 /* iosApp */,
				7555FF7C242A565900829871 /* Products */,
				4BE5D603F7F18F448FCB8AD0 /* Pods */,
			);
			sourceTree = "<group>";
		};
		7555FF7C242A565900829871 /* Products */ = {
			isa = PBXGroup;
			children = (
				7555FF7B242A565900829871 /* UltraChango.app */,
			);
			name = Products;
			sourceTree = "<group>";
		};
		7555FF7D242A565900829871 /* iosApp */ = {
			isa = PBXGroup;
			children = (
				DC506C102D60E14800CC3EF9 /* Sources */,
				DCD0EE662D5E0602000DB88A /* iosApp.entitlements */,
				DCD305502D396244004D5A46 /* GoogleService-Info.plist */,
				058557BA273AAA24004C7B11 /* Assets.xcassets */,
				7555FF82242A565900829871 /* ContentView.swift */,
				7555FF8C242A565B00829871 /* Info.plist */,
				2152FB032600AC8F00CF470E /* iOSApp.swift */,
				058557D7273AAEEB004C7B11 /* Preview Content */,
				DCD0EE682D5E16D3000DB88A /* Intents.intentdefinition */,
			);
			path = iosApp;
			sourceTree = "<group>";
		};
		AB1DB47929225F7C00F7AF9C /* Configuration */ = {
			isa = PBXGroup;
			children = (
				AB3632DC29227652001CCB65 /* Config.xcconfig */,
			);
			path = Configuration;
			sourceTree = "<group>";
		};
/* End PBXGroup section */

/* Begin PBXNativeTarget section */
		7555FF7A242A565900829871 /* iosApp */ = {
			isa = PBXNativeTarget;
			buildConfigurationList = 7555FFA5242A565B00829871 /* Build configuration list for PBXNativeTarget "iosApp" */;
			buildPhases = (
				F36B1CEB2AD83DDC00CB74D5 /* Compile Kotlin Framework */,
				7555FF77242A565900829871 /* Sources */,
				B92378962B6B1156000C7307 /* Frameworks */,
				7555FF79242A565900829871 /* Resources */,
			);
			buildRules = (
			);
			dependencies = (
			);
			fileSystemSynchronizedGroups = (
				DC506C102D60E14800CC3EF9 /* Sources */,
			);
			name = iosApp;
			productName = iosApp;
			productReference = 7555FF7B242A565900829871 /* UltraChango.app */;
			productType = "com.apple.product-type.application";
		};
/* End PBXNativeTarget section */

/* Begin PBXProject section */
		7555FF73242A565900829871 /* Project object */ = {
			isa = PBXProject;
			attributes = {
				BuildIndependentTargetsInParallel = YES;
				LastSwiftUpdateCheck = 1130;
				LastUpgradeCheck = 1540;
				ORGANIZATIONNAME = orgName;
				TargetAttributes = {
					7555FF7A242A565900829871 = {
						CreatedOnToolsVersion = 11.3.1;
					};
				};
			};
			buildConfigurationList = 7555FF76242A565900829871 /* Build configuration list for PBXProject "iosApp" */;
			developmentRegion = en;
			hasScannedForEncodings = 0;
			knownRegions = (
				en,
				Base,
			);
			mainGroup = 7555FF72242A565900829871;
			packageReferences = (
				DCF6D2CA2D6D0A7E00A21060 /* XCRemoteSwiftPackageReference "firebase-ios-sdk" */,
			);
			preferredProjectObjectVersion = 77;
			productRefGroup = 7555FF7C242A565900829871 /* Products */;
			projectDirPath = "";
			projectRoot = "";
			targets = (
				7555FF7A242A565900829871 /* iosApp */,
			);
		};
/* End PBXProject section */

/* Begin PBXResourcesBuildPhase section */
		7555FF79242A565900829871 /* Resources */ = {
			isa = PBXResourcesBuildPhase;
			buildActionMask = 2147483647;
			files = (
				058557D9273AAEEB004C7B11 /* Preview Assets.xcassets in Resources */,
				058557BB273AAA24004C7B11 /* Assets.xcassets in Resources */,
				DCD305512D396245004D5A46 /* GoogleService-Info.plist in Resources */,
			);
			runOnlyForDeploymentPostprocessing = 0;
		};
/* End PBXResourcesBuildPhase section */

/* Begin PBXShellScriptBuildPhase section */
		F36B1CEB2AD83DDC00CB74D5 /* Compile Kotlin Framework */ = {
			isa = PBXShellScriptBuildPhase;
			buildActionMask = 2147483647;
			files = (
			);
			inputFileListPaths = (
			);
			inputPaths = (
			);
			name = "Compile Kotlin Framework";
			outputFileListPaths = (
			);
			outputPaths = (
			);
			runOnlyForDeploymentPostprocessing = 0;
			shellPath = /bin/sh;
			shellScript = "if [ \"YES\" = \"$OVERRIDE_KOTLIN_BUILD_IDE_SUPPORTED\" ]; then\n  echo \"Skipping Gradle build task invocation due to OVERRIDE_KOTLIN_BUILD_IDE_SUPPORTED environment variable set to \\\"YES\\\"\"\n  exit 0\nfi\ncd \"$SRCROOT/..\"\n./gradlew :composeApp:embedAndSignAppleFrameworkForXcode\n";
		};
/* End PBXShellScriptBuildPhase section */

/* Begin PBXSourcesBuildPhase section */
		7555FF77242A565900829871 /* Sources */ = {
			isa = PBXSourcesBuildPhase;
			buildActionMask = 2147483647;
			files = (
				DCD0EE692D5E16D3000DB88A /* Intents.intentdefinition in Sources */,
				2152FB042600AC8F00CF470E /* iOSApp.swift in Sources */,
				7555FF83242A565900829871 /* ContentView.swift in Sources */,
			);
			runOnlyForDeploymentPostprocessing = 0;
		};
/* End PBXSourcesBuildPhase section */

/* Begin XCBuildConfiguration section */
		7555FFA3242A565B00829871 /* Debug */ = {
			isa = XCBuildConfiguration;
			baseConfigurationReference = AB3632DC29227652001CCB65 /* Config.xcconfig */;
			buildSettings = {
				ALWAYS_SEARCH_USER_PATHS = NO;
				APP_NAME = UltraChango;
				BUNDLE_ID = com.iyr.ultrachango;
				CLANG_ANALYZER_NONNULL = YES;
				CLANG_ANALYZER_NUMBER_OBJECT_CONVERSION = YES_AGGRESSIVE;
				CLANG_CXX_LANGUAGE_STANDARD = "gnu++14";
				CLANG_CXX_LIBRARY = "libc++";
				CLANG_ENABLE_MODULES = YES;
				CLANG_ENABLE_OBJC_ARC = YES;
				CLANG_ENABLE_OBJC_WEAK = YES;
				CLANG_WARN_BLOCK_CAPTURE_AUTORELEASING = YES;
				CLANG_WARN_BOOL_CONVERSION = YES;
				CLANG_WARN_COMMA = YES;
				CLANG_WARN_CONSTANT_CONVERSION = YES;
				CLANG_WARN_DEPRECATED_OBJC_IMPLEMENTATIONS = YES;
				CLANG_WARN_DIRECT_OBJC_ISA_USAGE = YES_ERROR;
				CLANG_WARN_DOCUMENTATION_COMMENTS = YES;
				CLANG_WARN_EMPTY_BODY = YES;
				CLANG_WARN_ENUM_CONVERSION = YES;
				CLANG_WARN_INFINITE_RECURSION = YES;
				CLANG_WARN_INT_CONVERSION = YES;
				CLANG_WARN_NON_LITERAL_NULL_CONVERSION = YES;
				CLANG_WARN_OBJC_IMPLICIT_RETAIN_SELF = YES;
				CLANG_WARN_OBJC_LITERAL_CONVERSION = YES;
				CLANG_WARN_OBJC_ROOT_CLASS = YES_ERROR;
				CLANG_WARN_QUOTED_INCLUDE_IN_FRAMEWORK_HEADER = YES;
				CLANG_WARN_RANGE_LOOP_ANALYSIS = YES;
				CLANG_WARN_STRICT_PROTOTYPES = YES;
				CLANG_WARN_SUSPICIOUS_MOVE = YES;
				CLANG_WARN_UNGUARDED_AVAILABILITY = YES_AGGRESSIVE;
				CLANG_WARN_UNREACHABLE_CODE = YES;
				CLANG_WARN__DUPLICATE_METHOD_MATCH = YES;
				CODE_SIGN_IDENTITY = "Apple Development: Roman Canoniero (MK85M546UX)";
				COPY_PHASE_STRIP = NO;
				DEBUG_INFORMATION_FORMAT = "dwarf-with-dsym";
				DEFINES_MODULE = YES;
				ENABLE_STRICT_OBJC_MSGSEND = YES;
				ENABLE_TESTABILITY = YES;
				ENABLE_USER_SCRIPT_SANDBOXING = NO;
				GCC_C_LANGUAGE_STANDARD = gnu11;
				GCC_DYNAMIC_NO_PIC = NO;
				GCC_NO_COMMON_BLOCKS = YES;
				GCC_OPTIMIZATION_LEVEL = 0;
				GCC_PREPROCESSOR_DEFINITIONS = (
					"DEBUG=1",
					"$(inherited)",
				);
				GCC_WARN_64_TO_32_BIT_CONVERSION = YES;
				GCC_WARN_ABOUT_RETURN_TYPE = YES_ERROR;
				GCC_WARN_UNDECLARED_SELECTOR = YES;
				GCC_WARN_UNINITIALIZED_AUTOS = YES_AGGRESSIVE;
				GCC_WARN_UNUSED_FUNCTION = YES;
				GCC_WARN_UNUSED_VARIABLE = YES;
				INFOPLIST_KEY_NSCameraUsageDescription = "Para Scaneo de codigos de barra";
				INFOPLIST_KEY_NSPhotoLibraryAddUsageDescription = "Para la seleccion de imagenes de perfil y otras funcionalidades necesarias";
				INFOPLIST_KEY_NSPhotoLibraryUsageDescription = "Para la seleccion de imagenes de perfil y otras funcionalidades necesarias";
				IPHONEOS_DEPLOYMENT_TARGET = 15.4;
				MTL_ENABLE_DEBUG_INFO = INCLUDE_SOURCE;
				MTL_FAST_MATH = YES;
				ONLY_ACTIVE_ARCH = YES;
				SDKROOT = iphoneos;
				SWIFT_ACTIVE_COMPILATION_CONDITIONS = DEBUG;
				SWIFT_OBJC_BRIDGING_HEADER = "iosApp\\UltraChango-Swift.h";
				SWIFT_OPTIMIZATION_LEVEL = "-Onone";
			};
			name = Debug;
		};
		7555FFA4242A565B00829871 /* Release */ = {
			isa = XCBuildConfiguration;
			baseConfigurationReference = AB3632DC29227652001CCB65 /* Config.xcconfig */;
			buildSettings = {
				ALWAYS_SEARCH_USER_PATHS = NO;
				APP_NAME = UltraChango;
				BUNDLE_ID = com.iyr.ultrachango;
				CLANG_ANALYZER_NONNULL = YES;
				CLANG_ANALYZER_NUMBER_OBJECT_CONVERSION = YES_AGGRESSIVE;
				CLANG_CXX_LANGUAGE_STANDARD = "gnu++14";
				CLANG_CXX_LIBRARY = "libc++";
				CLANG_ENABLE_MODULES = YES;
				CLANG_ENABLE_OBJC_ARC = YES;
				CLANG_ENABLE_OBJC_WEAK = YES;
				CLANG_WARN_BLOCK_CAPTURE_AUTORELEASING = YES;
				CLANG_WARN_BOOL_CONVERSION = YES;
				CLANG_WARN_COMMA = YES;
				CLANG_WARN_CONSTANT_CONVERSION = YES;
				CLANG_WARN_DEPRECATED_OBJC_IMPLEMENTATIONS = YES;
				CLANG_WARN_DIRECT_OBJC_ISA_USAGE = YES_ERROR;
				CLANG_WARN_DOCUMENTATION_COMMENTS = YES;
				CLANG_WARN_EMPTY_BODY = YES;
				CLANG_WARN_ENUM_CONVERSION = YES;
				CLANG_WARN_INFINITE_RECURSION = YES;
				CLANG_WARN_INT_CONVERSION = YES;
				CLANG_WARN_NON_LITERAL_NULL_CONVERSION = YES;
				CLANG_WARN_OBJC_IMPLICIT_RETAIN_SELF = YES;
				CLANG_WARN_OBJC_LITERAL_CONVERSION = YES;
				CLANG_WARN_OBJC_ROOT_CLASS = YES_ERROR;
				CLANG_WARN_QUOTED_INCLUDE_IN_FRAMEWORK_HEADER = YES;
				CLANG_WARN_RANGE_LOOP_ANALYSIS = YES;
				CLANG_WARN_STRICT_PROTOTYPES = YES;
				CLANG_WARN_SUSPICIOUS_MOVE = YES;
				CLANG_WARN_UNGUARDED_AVAILABILITY = YES_AGGRESSIVE;
				CLANG_WARN_UNREACHABLE_CODE = YES;
				CLANG_WARN__DUPLICATE_METHOD_MATCH = YES;
				CODE_SIGN_IDENTITY = "Apple Development: Roman Canoniero (MK85M546UX)";
				COPY_PHASE_STRIP = NO;
				DEBUG_INFORMATION_FORMAT = "dwarf-with-dsym";
				DEFINES_MODULE = YES;
				ENABLE_NS_ASSERTIONS = NO;
				ENABLE_STRICT_OBJC_MSGSEND = YES;
				ENABLE_USER_SCRIPT_SANDBOXING = NO;
				GCC_C_LANGUAGE_STANDARD = gnu11;
				GCC_NO_COMMON_BLOCKS = YES;
				GCC_WARN_64_TO_32_BIT_CONVERSION = YES;
				GCC_WARN_ABOUT_RETURN_TYPE = YES_ERROR;
				GCC_WARN_UNDECLARED_SELECTOR = YES;
				GCC_WARN_UNINITIALIZED_AUTOS = YES_AGGRESSIVE;
				GCC_WARN_UNUSED_FUNCTION = YES;
				GCC_WARN_UNUSED_VARIABLE = YES;
				INFOPLIST_KEY_NSCameraUsageDescription = "Para Scaneo de codigos de barra";
				INFOPLIST_KEY_NSPhotoLibraryAddUsageDescription = "Para la seleccion de imagenes de perfil y otras funcionalidades necesarias";
				INFOPLIST_KEY_NSPhotoLibraryUsageDescription = "Para la seleccion de imagenes de perfil y otras funcionalidades necesarias";
				IPHONEOS_DEPLOYMENT_TARGET = 15.4;
				MTL_ENABLE_DEBUG_INFO = NO;
				MTL_FAST_MATH = YES;
				SDKROOT = iphoneos;
				SWIFT_COMPILATION_MODE = wholemodule;
				SWIFT_OBJC_BRIDGING_HEADER = "iosApp\\UltraChango-Swift.h";
				SWIFT_OPTIMIZATION_LEVEL = "-O";
				VALIDATE_PRODUCT = YES;
			};
			name = Release;
		};
		7555FFA6242A565B00829871 /* Debug */ = {
			isa = XCBuildConfiguration;
			buildSettings = {
				ALLOW_TARGET_PLATFORM_SPECIALIZATION = YES;
				ASSETCATALOG_COMPILER_APPICON_NAME = AppIcon;
				BUNDLE_ID = com.iyr.ultrachango;
				CODE_SIGN_ENTITLEMENTS = iosApp/iosApp.entitlements;
				CODE_SIGN_IDENTITY = "Apple Development";
				CODE_SIGN_STYLE = Automatic;
				DEBUG_INFORMATION_FORMAT = "dwarf-with-dsym";
				DEVELOPMENT_ASSET_PATHS = "\"iosApp/Preview Content\"";
				DEVELOPMENT_TEAM = WER3D825VB;
				ENABLE_PREVIEWS = YES;
				FRAMEWORK_SEARCH_PATHS = (
					"$(inherited)",
					"$(SRCROOT)/../shared/build/xcode-frameworks/$(CONFIGURATION)/$(SDK_NAME)\n$(SRCROOT)/../composeApp/build/xcode-frameworks/$(CONFIGURATION)/$(SDK_NAME)",
				);
				INFOPLIST_FILE = iosApp/Info.plist;
				INFOPLIST_KEY_NSCameraUsageDescription = "Para Scaneo de codigos de barra";
				INFOPLIST_KEY_NSPhotoLibraryAddUsageDescription = "Para la seleccion de imagenes de perfil y otras funcionalidades necesarias";
				INFOPLIST_KEY_NSPhotoLibraryUsageDescription = "Para la seleccion de imagenes de perfil y otras funcionalidades necesarias";
				IPHONEOS_DEPLOYMENT_TARGET = 15.3;
				LD_RUNPATH_SEARCH_PATHS = (
					"$(inherited)",
					"@executable_path/Frameworks",
				);
				PRODUCT_BUNDLE_IDENTIFIER = "${BUNDLE_ID}${TEAM_ID}";
				PRODUCT_NAME = "${APP_NAME}";
				PROVISIONING_PROFILE_SPECIFIER = "";
				SWIFT_OBJC_BRIDGING_HEADER = "iosApp/iosApp-Bridging-Header.h";
				SWIFT_PRECOMPILE_BRIDGING_HEADER = NO;
				SWIFT_VERSION = 5.0;
				TARGETED_DEVICE_FAMILY = "1,2";
			};
			name = Debug;
		};
		7555FFA7242A565B00829871 /* Release */ = {
			isa = XCBuildConfiguration;
			buildSettings = {
				ALLOW_TARGET_PLATFORM_SPECIALIZATION = YES;
				ASSETCATALOG_COMPILER_APPICON_NAME = AppIcon;
				BUNDLE_ID = com.iyr.ultrachango;
				CODE_SIGN_ENTITLEMENTS = iosApp/iosApp.entitlements;
				CODE_SIGN_IDENTITY = "Apple Development";
				CODE_SIGN_STYLE = Automatic;
				DEBUG_INFORMATION_FORMAT = "dwarf-with-dsym";
				DEVELOPMENT_ASSET_PATHS = "\"iosApp/Preview Content\"";
				DEVELOPMENT_TEAM = WER3D825VB;
				ENABLE_PREVIEWS = YES;
				FRAMEWORK_SEARCH_PATHS = (
					"$(inherited)",
					"$(SRCROOT)/../shared/build/xcode-frameworks/$(CONFIGURATION)/$(SDK_NAME)\n$(SRCROOT)/../composeApp/build/xcode-frameworks/$(CONFIGURATION)/$(SDK_NAME)",
				);
				INFOPLIST_FILE = iosApp/Info.plist;
				INFOPLIST_KEY_NSCameraUsageDescription = "Para Scaneo de codigos de barra";
				INFOPLIST_KEY_NSPhotoLibraryAddUsageDescription = "Para la seleccion de imagenes de perfil y otras funcionalidades necesarias";
				INFOPLIST_KEY_NSPhotoLibraryUsageDescription = "Para la seleccion de imagenes de perfil y otras funcionalidades necesarias";
				IPHONEOS_DEPLOYMENT_TARGET = 15.3;
				LD_RUNPATH_SEARCH_PATHS = (
					"$(inherited)",
					"@executable_path/Frameworks",
				);
				PRODUCT_BUNDLE_IDENTIFIER = "${BUNDLE_ID}${TEAM_ID}";
				PRODUCT_NAME = "${APP_NAME}";
				PROVISIONING_PROFILE_SPECIFIER = "";
				SWIFT_OBJC_BRIDGING_HEADER = "iosApp/iosApp-Bridging-Header.h";
				SWIFT_PRECOMPILE_BRIDGING_HEADER = NO;
				SWIFT_VERSION = 5.0;
				TARGETED_DEVICE_FAMILY = "1,2";
			};
			name = Release;
		};
/* End XCBuildConfiguration section */

/* Begin XCConfigurationList section */
		7555FF76242A565900829871 /* Build configuration list for PBXProject "iosApp" */ = {
			isa = XCConfigurationList;
			buildConfigurations = (
				7555FFA3242A565B00829871 /* Debug */,
				7555FFA4242A565B00829871 /* Release */,
			);
			defaultConfigurationIsVisible = 0;
			defaultConfigurationName = Release;
		};
		7555FFA5242A565B00829871 /* Build configuration list for PBXNativeTarget "iosApp" */ = {
			isa = XCConfigurationList;
			buildConfigurations = (
				7555FFA6242A565B00829871 /* Debug */,
				7555FFA7242A565B00829871 /* Release */,
			);
			defaultConfigurationIsVisible = 0;
			defaultConfigurationName = Release;
		};
/* End XCConfigurationList section */

/* Begin XCRemoteSwiftPackageReference section */
		DCF6D2CA2D6D0A7E00A21060 /* XCRemoteSwiftPackageReference "firebase-ios-sdk" */ = {
			isa = XCRemoteSwiftPackageReference;
			repositoryURL = "https://github.com/firebase/firebase-ios-sdk";
			requirement = {
				kind = upToNextMajorVersion;
				minimumVersion = 11.8.1;
			};
		};
/* End XCRemoteSwiftPackageReference section */

/* Begin XCSwiftPackageProductDependency section */
		DCF6D2CB2D6D0A7E00A21060 /* FirebaseAuth */ = {
			isa = XCSwiftPackageProductDependency;
			package = DCF6D2CA2D6D0A7E00A21060 /* XCRemoteSwiftPackageReference "firebase-ios-sdk" */;
			productName = FirebaseAuth;
		};
		DCF6D2D52D6E038900A21060 /* FirebaseCrashlytics */ = {
			isa = XCSwiftPackageProductDependency;
			package = DCF6D2CA2D6D0A7E00A21060 /* XCRemoteSwiftPackageReference "firebase-ios-sdk" */;
			productName = FirebaseCrashlytics;
		};
		DCF6D2D72D6E72FA00A21060 /* FirebaseAuth */ = {
			isa = XCSwiftPackageProductDependency;
			package = DCF6D2CA2D6D0A7E00A21060 /* XCRemoteSwiftPackageReference "firebase-ios-sdk" */;
			productName = FirebaseAuth;
		};
		DCF6D2D92D6E72FA00A21060 /* FirebaseCore */ = {
			isa = XCSwiftPackageProductDependency;
			package = DCF6D2CA2D6D0A7E00A21060 /* XCRemoteSwiftPackageReference "firebase-ios-sdk" */;
			productName = FirebaseCore;
		};
		DCF6D2DB2D6E81B900A21060 /* FirebaseAuth */ = {
			isa = XCSwiftPackageProductDependency;
			package = DCF6D2CA2D6D0A7E00A21060 /* XCRemoteSwiftPackageReference "firebase-ios-sdk" */;
			productName = FirebaseAuth;
		};
		DCF6D2DD2D6E81B900A21060 /* FirebaseAuthCombine-Community */ = {
			isa = XCSwiftPackageProductDependency;
			package = DCF6D2CA2D6D0A7E00A21060 /* XCRemoteSwiftPackageReference "firebase-ios-sdk" */;
			productName = "FirebaseAuthCombine-Community";
		};
		DCF6D2DF2D6E81B900A21060 /* FirebaseCore */ = {
			isa = XCSwiftPackageProductDependency;
			package = DCF6D2CA2D6D0A7E00A21060 /* XCRemoteSwiftPackageReference "firebase-ios-sdk" */;
			productName = FirebaseCore;
		};
		DCF6D2E12D6E81B900A21060 /* FirebaseCrashlytics */ = {
			isa = XCSwiftPackageProductDependency;
			package = DCF6D2CA2D6D0A7E00A21060 /* XCRemoteSwiftPackageReference "firebase-ios-sdk" */;
			productName = FirebaseCrashlytics;
		};
		DCF6D2E32D6E896300A21060 /* FirebaseAnalytics */ = {
			isa = XCSwiftPackageProductDependency;
			package = DCF6D2CA2D6D0A7E00A21060 /* XCRemoteSwiftPackageReference "firebase-ios-sdk" */;
			productName = FirebaseAnalytics;
		};
		DCF6D2E52D6E896300A21060 /* FirebaseAnalyticsOnDeviceConversion */ = {
			isa = XCSwiftPackageProductDependency;
			package = DCF6D2CA2D6D0A7E00A21060 /* XCRemoteSwiftPackageReference "firebase-ios-sdk" */;
			productName = FirebaseAnalyticsOnDeviceConversion;
		};
		DCF6D2E72D6E896300A21060 /* FirebaseAnalyticsWithoutAdIdSupport */ = {
			isa = XCSwiftPackageProductDependency;
			package = DCF6D2CA2D6D0A7E00A21060 /* XCRemoteSwiftPackageReference "firebase-ios-sdk" */;
			productName = FirebaseAnalyticsWithoutAdIdSupport;
		};
		DCF6D2E92D6E896300A21060 /* FirebaseAppCheck */ = {
			isa = XCSwiftPackageProductDependency;
			package = DCF6D2CA2D6D0A7E00A21060 /* XCRemoteSwiftPackageReference "firebase-ios-sdk" */;
			productName = FirebaseAppCheck;
		};
		DCF6D2EB2D6E896300A21060 /* FirebaseAppDistribution-Beta */ = {
			isa = XCSwiftPackageProductDependency;
			package = DCF6D2CA2D6D0A7E00A21060 /* XCRemoteSwiftPackageReference "firebase-ios-sdk" */;
			productName = "FirebaseAppDistribution-Beta";
		};
		DCF6D2ED2D6E896300A21060 /* FirebaseAuth */ = {
			isa = XCSwiftPackageProductDependency;
			package = DCF6D2CA2D6D0A7E00A21060 /* XCRemoteSwiftPackageReference "firebase-ios-sdk" */;
			productName = FirebaseAuth;
		};
		DCF6D2EF2D6E896300A21060 /* FirebaseAuthCombine-Community */ = {
			isa = XCSwiftPackageProductDependency;
			package = DCF6D2CA2D6D0A7E00A21060 /* XCRemoteSwiftPackageReference "firebase-ios-sdk" */;
			productName = "FirebaseAuthCombine-Community";
		};
		DCF6D2F12D6E896300A21060 /* FirebaseCore */ = {
			isa = XCSwiftPackageProductDependency;
			package = DCF6D2CA2D6D0A7E00A21060 /* XCRemoteSwiftPackageReference "firebase-ios-sdk" */;
			productName = FirebaseCore;
		};
		DCF6D2F32D6E896300A21060 /* FirebaseCrashlytics */ = {
			isa = XCSwiftPackageProductDependency;
			package = DCF6D2CA2D6D0A7E00A21060 /* XCRemoteSwiftPackageReference "firebase-ios-sdk" */;
			productName = FirebaseCrashlytics;
		};
		DCF6D2F52D6E896300A21060 /* FirebaseDatabase */ = {
			isa = XCSwiftPackageProductDependency;
			package = DCF6D2CA2D6D0A7E00A21060 /* XCRemoteSwiftPackageReference "firebase-ios-sdk" */;
			productName = FirebaseDatabase;
		};
		DCF6D2F72D6E896300A21060 /* FirebaseDynamicLinks */ = {
			isa = XCSwiftPackageProductDependency;
			package = DCF6D2CA2D6D0A7E00A21060 /* XCRemoteSwiftPackageReference "firebase-ios-sdk" */;
			productName = FirebaseDynamicLinks;
		};
		DCF6D2F92D6E896300A21060 /* FirebaseFirestore */ = {
			isa = XCSwiftPackageProductDependency;
			package = DCF6D2CA2D6D0A7E00A21060 /* XCRemoteSwiftPackageReference "firebase-ios-sdk" */;
			productName = FirebaseFirestore;
		};
		DCF6D2FB2D6E896300A21060 /* FirebaseFirestoreCombine-Community */ = {
			isa = XCSwiftPackageProductDependency;
			package = DCF6D2CA2D6D0A7E00A21060 /* XCRemoteSwiftPackageReference "firebase-ios-sdk" */;
			productName = "FirebaseFirestoreCombine-Community";
		};
		DCF6D2FD2D6E896300A21060 /* FirebaseFunctions */ = {
			isa = XCSwiftPackageProductDependency;
			package = DCF6D2CA2D6D0A7E00A21060 /* XCRemoteSwiftPackageReference "firebase-ios-sdk" */;
			productName = FirebaseFunctions;
		};
		DCF6D2FF2D6E896300A21060 /* FirebaseFunctionsCombine-Community */ = {
			isa = XCSwiftPackageProductDependency;
			package = DCF6D2CA2D6D0A7E00A21060 /* XCRemoteSwiftPackageReference "firebase-ios-sdk" */;
			productName = "FirebaseFunctionsCombine-Community";
		};
		DCF6D3012D6E896300A21060 /* FirebaseInAppMessaging-Beta */ = {
			isa = XCSwiftPackageProductDependency;
			package = DCF6D2CA2D6D0A7E00A21060 /* XCRemoteSwiftPackageReference "firebase-ios-sdk" */;
			productName = "FirebaseInAppMessaging-Beta";
		};
		DCF6D3032D6E896300A21060 /* FirebaseInstallations */ = {
			isa = XCSwiftPackageProductDependency;
			package = DCF6D2CA2D6D0A7E00A21060 /* XCRemoteSwiftPackageReference "firebase-ios-sdk" */;
			productName = FirebaseInstallations;
		};
		DCF6D3052D6E896300A21060 /* FirebaseMLModelDownloader */ = {
			isa = XCSwiftPackageProductDependency;
			package = DCF6D2CA2D6D0A7E00A21060 /* XCRemoteSwiftPackageReference "firebase-ios-sdk" */;
			productName = FirebaseMLModelDownloader;
		};
		DCF6D3072D6E896300A21060 /* FirebaseMessaging */ = {
			isa = XCSwiftPackageProductDependency;
			package = DCF6D2CA2D6D0A7E00A21060 /* XCRemoteSwiftPackageReference "firebase-ios-sdk" */;
			productName = FirebaseMessaging;
		};
		DCF6D3092D6E896300A21060 /* FirebasePerformance */ = {
			isa = XCSwiftPackageProductDependency;
			package = DCF6D2CA2D6D0A7E00A21060 /* XCRemoteSwiftPackageReference "firebase-ios-sdk" */;
			productName = FirebasePerformance;
		};
		DCF6D30B2D6E896300A21060 /* FirebaseRemoteConfig */ = {
			isa = XCSwiftPackageProductDependency;
			package = DCF6D2CA2D6D0A7E00A21060 /* XCRemoteSwiftPackageReference "firebase-ios-sdk" */;
			productName = FirebaseRemoteConfig;
		};
		DCF6D30D2D6E896300A21060 /* FirebaseStorage */ = {
			isa = XCSwiftPackageProductDependency;
			package = DCF6D2CA2D6D0A7E00A21060 /* XCRemoteSwiftPackageReference "firebase-ios-sdk" */;
			productName = FirebaseStorage;
		};
		DCF6D30F2D6E896300A21060 /* FirebaseStorageCombine-Community */ = {
			isa = XCSwiftPackageProductDependency;
			package = DCF6D2CA2D6D0A7E00A21060 /* XCRemoteSwiftPackageReference "firebase-ios-sdk" */;
			productName = "FirebaseStorageCombine-Community";
		};
		DCF6D3112D6E896300A21060 /* FirebaseVertexAI */ = {
			isa = XCSwiftPackageProductDependency;
			package = DCF6D2CA2D6D0A7E00A21060 /* XCRemoteSwiftPackageReference "firebase-ios-sdk" */;
			productName = FirebaseVertexAI;
		};
/* End XCSwiftPackageProductDependency section */
	};
	rootObject = 7555FF73242A565900829871 /* Project object */;
}
